
Microsoft Visual Studio Solution File, Format Version 12.00
# Visual Studio Version 16
VisualStudioVersion = 16.0.30621.155
MinimumVisualStudioVersion = 10.0.40219.1
Project("{FAE04EC0-301F-11D3-BF4B-00C04F79EFBC}") = "P2M3", "P2M3\P2M3.csproj", "{B73C6511-09F3-4562-B2D9-85B230B32276}"
EndProject
Global
	GlobalSection(SolutionConfigurationPlatforms) = preSolution
		Debug|Any CPU = Debug|Any CPU
		Release|Any CPU = Release|Any CPU
	EndGlobalSection
	GlobalSection(ProjectConfigurationPlatforms) = postSolution
		{B73C6511-09F3-4562-B2D9-85B230B32276}.Debug|Any CPU.ActiveCfg = Debug|Any CPU
		{B73C6511-09F3-4562-B2D9-85B230B32276}.Debug|Any CPU.Build.0 = Debug|Any CPU
		{B73C6511-09F3-4562-B2D9-85B230B32276}.Release|Any CPU.ActiveCfg = Release|Any CPU
		{B73C6511-09F3-4562-B2D9-85B230B32276}.Release|Any CPU.Build.0 = Release|Any CPU
	EndGlobalSection
	GlobalSection(SolutionProperties) = preSolution
		HideSolutionNode = FALSE
	EndGlobalSection
	GlobalSection(ExtensibilityGlobals) = postSolution
		SolutionGuid = {35855F34-446F-475F-99AA-ED1BEF15A961}
	EndGlobalSection
EndGlobal
